// !$*UTF8*$!
{
	archiveVersion = 1;
	classes = {
	};
	objectVersion = 50;
	objects = {

/* Begin PBXBuildFile section */
		58BF742C25A630B800E6AD79 /* Bizarre Bunny Sticker Pack StickerPackExtension.appex in Embed App Extensions */ = {isa = PBXBuildFile; fileRef = 58BF742B25A630B800E6AD79 /* Bizarre Bunny Sticker Pack StickerPackExtension.appex */; settings = {ATTRIBUTES = (RemoveHeadersOnCopy, ); }; };
		58BF743025A630B800E6AD79 /* Stickers.xcstickers in Resources */ = {isa = PBXBuildFile; fileRef = 58BF742F25A630B800E6AD79 /* Stickers.xcstickers */; };
		58BF743125A630B800E6AD79 /* Stickers.xcstickers in Resources */ = {isa = PBXBuildFile; fileRef = 58BF742F25A630B800E6AD79 /* Stickers.xcstickers */; };
/* End PBXBuildFile section */

/* Begin PBXContainerItemProxy section */
		58BF742D25A630B800E6AD79 /* PBXContainerItemProxy */ = {
			isa = PBXContainerItemProxy;
			containerPortal = 58BF742125A630B700E6AD79 /* Project object */;
			proxyType = 1;
			remoteGlobalIDString = 58BF742A25A630B800E6AD79;
			remoteInfo = "Bizarre Bunny Sticker Pack StickerPackExtension";
		};
/* End PBXContainerItemProxy section */

/* Begin PBXCopyFilesBuildPhase section */
		58BF743725A630B800E6AD79 /* Embed App Extensions */ = {
			isa = PBXCopyFilesBuildPhase;
			buildActionMask = 2147483647;
			dstPath = "";
			dstSubfolderSpec = 13;
			files = (
				58BF742C25A630B800E6AD79 /* Bizarre Bunny Sticker Pack StickerPackExtension.appex in Embed App Extensions */,
			);
			name = "Embed App Extensions";
			runOnlyForDeploymentPostprocessing = 0;
		};
/* End PBXCopyFilesBuildPhase section */

/* Begin PBXFileReference section */
		58BF742725A630B700E6AD79 /* Bizarre Bunny Sticker Pack.app */ = {isa = PBXFileReference; explicitFileType = wrapper.application; includeInIndex = 0; path = "Bizarre Bunny Sticker Pack.app"; sourceTree = BUILT_PRODUCTS_DIR; };
		58BF742B25A630B800E6AD79 /* Bizarre Bunny Sticker Pack StickerPackExtension.appex */ = {isa = PBXFileReference; explicitFileType = "wrapper.app-extension"; includeInIndex = 0; path = "Bizarre Bunny Sticker Pack StickerPackExtension.appex"; sourceTree = BUILT_PRODUCTS_DIR; };
		58BF742F25A630B800E6AD79 /* Stickers.xcstickers */ = {isa = PBXFileReference; lastKnownFileType = folder.stickers; name = Stickers.xcstickers; path = "Bizarre Bunny Sticker Pack StickerPackExtension/Stickers.xcstickers"; sourceTree = "<group>"; };
/* End PBXFileReference section */

/* Begin PBXGroup section */
		58BF742025A630B700E6AD79 = {
			isa = PBXGroup;
			children = (
				58BF742F25A630B800E6AD79 /* Stickers.xcstickers */,
				58BF742825A630B700E6AD79 /* Products */,
			);
			sourceTree = "<group>";
		};
		58BF742825A630B700E6AD79 /* Products */ = {
			isa = PBXGroup;
			children = (
				58BF742725A630B700E6AD79 /* Bizarre Bunny Sticker Pack.app */,
				58BF742B25A630B800E6AD79 /* Bizarre Bunny Sticker Pack StickerPackExtension.appex */,
			);
			name = Products;
			sourceTree = "<group>";
		};
/* End PBXGroup section */

/* Begin PBXNativeTarget section */
		58BF742625A630B700E6AD79 /* Bizarre Bunny Sticker Pack */ = {
			isa = PBXNativeTarget;
			buildConfigurationList = 58BF743825A630B800E6AD79 /* Build configuration list for PBXNativeTarget "Bizarre Bunny Sticker Pack" */;
			buildPhases = (
				58BF742525A630B700E6AD79 /* Resources */,
				58BF743725A630B800E6AD79 /* Embed App Extensions */,
			);
			buildRules = (
			);
			dependencies = (
				58BF742E25A630B800E6AD79 /* PBXTargetDependency */,
			);
			name = "Bizarre Bunny Sticker Pack";
			productName = "Bizarre Bunny Sticker Pack";
			productReference = 58BF742725A630B700E6AD79 /* Bizarre Bunny Sticker Pack.app */;
			productType = "com.apple.product-type.application.messages";
		};
		58BF742A25A630B800E6AD79 /* Bizarre Bunny Sticker Pack StickerPackExtension */ = {
			isa = PBXNativeTarget;
			buildConfigurationList = 58BF743425A630B800E6AD79 /* Build configuration list for PBXNativeTarget "Bizarre Bunny Sticker Pack StickerPackExtension" */;
			buildPhases = (
				58BF742925A630B800E6AD79 /* Resources */,
			);
			buildRules = (
			);
			dependencies = (
			);
			name = "Bizarre Bunny Sticker Pack StickerPackExtension";
			productName = "Bizarre Bunny Sticker Pack StickerPackExtension";
			productReference = 58BF742B25A630B800E6AD79 /* Bizarre Bunny Sticker Pack StickerPackExtension.appex */;
			productType = "com.apple.product-type.app-extension.messages-sticker-pack";
		};
/* End PBXNativeTarget section */

/* Begin PBXProject section */
		58BF742125A630B700E6AD79 /* Project object */ = {
			isa = PBXProject;
			attributes = {
				LastUpgradeCheck = 1230;
				TargetAttributes = {
					58BF742625A630B700E6AD79 = {
						CreatedOnToolsVersion = 12.3;
					};
					58BF742A25A630B800E6AD79 = {
						CreatedOnToolsVersion = 12.3;
					};
				};
			};
			buildConfigurationList = 58BF742425A630B700E6AD79 /* Build configuration list for PBXProject "Bizarre Bunny Sticker Pack" */;
			compatibilityVersion = "Xcode 9.3";
			developmentRegion = en;
			hasScannedForEncodings = 0;
			knownRegions = (
				en,
				Base,
			);
			mainGroup = 58BF742025A630B700E6AD79;
			productRefGroup = 58BF742825A630B700E6AD79 /* Products */;
			projectDirPath = "";
			projectRoot = "";
			targets = (
				58BF742625A630B700E6AD79 /* Bizarre Bunny Sticker Pack */,
				58BF742A25A630B800E6AD79 /* Bizarre Bunny Sticker Pack StickerPackExtension */,
			);
		};
/* End PBXProject section */

/* Begin PBXResourcesBuildPhase section */
		58BF742525A630B700E6AD79 /* Resources */ = {
			isa = PBXResourcesBuildPhase;
			buildActionMask = 2147483647;
			files = (
				58BF743125A630B800E6AD79 /* Stickers.xcstickers in Resources */,
			);
			runOnlyForDeploymentPostprocessing = 0;
		};
		58BF742925A630B800E6AD79 /* Resources */ = {
			isa = PBXResourcesBuildPhase;
			buildActionMask = 2147483647;
			files = (
				58BF743025A630B800E6AD79 /* Stickers.xcstickers in Resources */,
			);
			runOnlyForDeploymentPostprocessing = 0;
		};
/* End PBXResourcesBuildPhase section */

/* Begin PBXTargetDependency section */
		58BF742E25A630B800E6AD79 /* PBXTargetDependency */ = {
			isa = PBXTargetDependency;
			target = 58BF742A25A630B800E6AD79 /* Bizarre Bunny Sticker Pack StickerPackExtension */;
			targetProxy = 58BF742D25A630B800E6AD79 /* PBXContainerItemProxy */;
		};
/* End PBXTargetDependency section */

/* Begin XCBuildConfiguration section */
		58BF743225A630B800E6AD79 /* Debug */ = {
			isa = XCBuildConfiguration;
			buildSettings = {
				ALWAYS_SEARCH_USER_PATHS = NO;
				CLANG_ANALYZER_NONNULL = YES;
				CLANG_ANALYZER_NUMBER_OBJECT_CONVERSION = YES_AGGRESSIVE;
				CLANG_CXX_LANGUAGE_STANDARD = "gnu++14";
				CLANG_CXX_LIBRARY = "libc++";
				CLANG_ENABLE_MODULES = YES;
				CLANG_ENABLE_OBJC_ARC = YES;
				CLANG_ENABLE_OBJC_WEAK = YES;
				CLANG_WARN_BLOCK_CAPTURE_AUTORELEASING = YES;
				CLANG_WARN_BOOL_CONVERSION = YES;
				CLANG_WARN_COMMA = YES;
				CLANG_WARN_CONSTANT_CONVERSION = YES;
				CLANG_WARN_DEPRECATED_OBJC_IMPLEMENTATIONS = YES;
				CLANG_WARN_DIRECT_OBJC_ISA_USAGE = YES_ERROR;
				CLANG_WARN_DOCUMENTATION_COMMENTS = YES;
				CLANG_WARN_EMPTY_BODY = YES;
				CLANG_WARN_ENUM_CONVERSION = YES;
				CLANG_WARN_INFINITE_RECURSION = YES;
				CLANG_WARN_INT_CONVERSION = YES;
				CLANG_WARN_NON_LITERAL_NULL_CONVERSION = YES;
				CLANG_WARN_OBJC_IMPLICIT_RETAIN_SELF = YES;
				CLANG_WARN_OBJC_LITERAL_CONVERSION = YES;
				CLANG_WARN_OBJC_ROOT_CLASS = YES_ERROR;
				CLANG_WARN_QUOTED_INCLUDE_IN_FRAMEWORK_HEADER = YES;
				CLANG_WARN_RANGE_LOOP_ANALYSIS = YES;
				CLANG_WARN_STRICT_PROTOTYPES = YES;
				CLANG_WARN_SUSPICIOUS_MOVE = YES;
				CLANG_WARN_UNGUARDED_AVAILABILITY = YES_AGGRESSIVE;
				CLANG_WARN_UNREACHABLE_CODE = YES;
				CLANG_WARN__DUPLICATE_METHOD_MATCH = YES;
				COPY_PHASE_STRIP = NO;
				DEBUG_INFORMATION_FORMAT = dwarf;
				ENABLE_STRICT_OBJC_MSGSEND = YES;
				ENABLE_TESTABILITY = YES;
				GCC_C_LANGUAGE_STANDARD = gnu11;
				GCC_DYNAMIC_NO_PIC = NO;
				GCC_NO_COMMON_BLOCKS = YES;
				GCC_OPTIMIZATION_LEVEL = 0;
				GCC_PREPROCESSOR_DEFINITIONS = (
					"DEBUG=1",
					"$(inherited)",
				);
				GCC_WARN_64_TO_32_BIT_CONVERSION = YES;
				GCC_WARN_ABOUT_RETURN_TYPE = YES_ERROR;
				GCC_WARN_UNDECLARED_SELECTOR = YES;
				GCC_WARN_UNINITIALIZED_AUTOS = YES_AGGRESSIVE;
				GCC_WARN_UNUSED_FUNCTION = YES;
				GCC_WARN_UNUSED_VARIABLE = YES;
				IPHONEOS_DEPLOYMENT_TARGET = 14.3;
				MTL_ENABLE_DEBUG_INFO = INCLUDE_SOURCE;
				MTL_FAST_MATH = YES;
				ONLY_ACTIVE_ARCH = YES;
				SDKROOT = iphoneos;
			};
			name = Debug;
		};
		58BF743325A630B800E6AD79 /* Release */ = {
			isa = XCBuildConfiguration;
			buildSettings = {
				ALWAYS_SEARCH_USER_PATHS = NO;
				CLANG_ANALYZER_NONNULL = YES;
				CLANG_ANALYZER_NUMBER_OBJECT_CONVERSION = YES_AGGRESSIVE;
				CLANG_CXX_LANGUAGE_STANDARD = "gnu++14";
				CLANG_CXX_LIBRARY = "libc++";
				CLANG_ENABLE_MODULES = YES;
				CLANG_ENABLE_OBJC_ARC = YES;
				CLANG_ENABLE_OBJC_WEAK = YES;
				CLANG_WARN_BLOCK_CAPTURE_AUTORELEASING = YES;
				CLANG_WARN_BOOL_CONVERSION = YES;
				CLANG_WARN_COMMA = YES;
				CLANG_WARN_CONSTANT_CONVERSION = YES;
				CLANG_WARN_DEPRECATED_OBJC_IMPLEMENTATIONS = YES;
				CLANG_WARN_DIRECT_OBJC_ISA_USAGE = YES_ERROR;
				CLANG_WARN_DOCUMENTATION_COMMENTS = YES;
				CLANG_WARN_EMPTY_BODY = YES;
				CLANG_WARN_ENUM_CONVERSION = YES;
				CLANG_WARN_INFINITE_RECURSION = YES;
				CLANG_WARN_INT_CONVERSION = YES;
				CLANG_WARN_NON_LITERAL_NULL_CONVERSION = YES;
				CLANG_WARN_OBJC_IMPLICIT_RETAIN_SELF = YES;
				CLANG_WARN_OBJC_LITERAL_CONVERSION = YES;
				CLANG_WARN_OBJC_ROOT_CLASS = YES_ERROR;
				CLANG_WARN_QUOTED_INCLUDE_IN_FRAMEWORK_HEADER = YES;
				CLANG_WARN_RANGE_LOOP_ANALYSIS = YES;
				CLANG_WARN_STRICT_PROTOTYPES = YES;
				CLANG_WARN_SUSPICIOUS_MOVE = YES;
				CLANG_WARN_UNGUARDED_AVAILABILITY = YES_AGGRESSIVE;
				CLANG_WARN_UNREACHABLE_CODE = YES;
				CLANG_WARN__DUPLICATE_METHOD_MATCH = YES;
				COPY_PHASE_STRIP = NO;
				DEBUG_INFORMATION_FORMAT = "dwarf-with-dsym";
				ENABLE_NS_ASSERTIONS = NO;
				ENABLE_STRICT_OBJC_MSGSEND = YES;
				GCC_C_LANGUAGE_STANDARD = gnu11;
				GCC_NO_COMMON_BLOCKS = YES;
				GCC_WARN_64_TO_32_BIT_CONVERSION = YES;
				GCC_WARN_ABOUT_RETURN_TYPE = YES_ERROR;
				GCC_WARN_UNDECLARED_SELECTOR = YES;
				GCC_WARN_UNINITIALIZED_AUTOS = YES_AGGRESSIVE;
				GCC_WARN_UNUSED_FUNCTION = YES;
				GCC_WARN_UNUSED_VARIABLE = YES;
				IPHONEOS_DEPLOYMENT_TARGET = 14.3;
				MTL_ENABLE_DEBUG_INFO = NO;
				MTL_FAST_MATH = YES;
				SDKROOT = iphoneos;
				VALIDATE_PRODUCT = YES;
			};
			name = Release;
		};
		58BF743525A630B800E6AD79 /* Debug */ = {
			isa = XCBuildConfiguration;
			buildSettings = {
				ASSETCATALOG_COMPILER_APPICON_NAME = "iMessage App Icon";
				CODE_SIGN_STYLE = Automatic;
				DEVELOPMENT_TEAM = 7Q7286P9H7;
				INFOPLIST_FILE = "Bizarre Bunny Sticker Pack StickerPackExtension/Info.plist";
				IPHONEOS_DEPLOYMENT_TARGET = 10.0;
				PRODUCT_BUNDLE_IDENTIFIER = "CSC471.Bizarre-Bunny-Sticker-Pack.StickerPackExtension";
				PRODUCT_NAME = "$(TARGET_NAME)";
				SKIP_INSTALL = YES;
				TARGETED_DEVICE_FAMILY = "1,2";
			};
			name = Debug;
		};
		58BF743625A630B800E6AD79 /* Release */ = {
			isa = XCBuildConfiguration;
			buildSettings = {
				ASSETCATALOG_COMPILER_APPICON_NAME = "iMessage App Icon";
				CODE_SIGN_STYLE = Automatic;
				DEVELOPMENT_TEAM = 7Q7286P9H7;
				INFOPLIST_FILE = "Bizarre Bunny Sticker Pack StickerPackExtension/Info.plist";
				IPHONEOS_DEPLOYMENT_TARGET = 10.0;
				PRODUCT_BUNDLE_IDENTIFIER = "CSC471.Bizarre-Bunny-Sticker-Pack.StickerPackExtension";
				PRODUCT_NAME = "$(TARGET_NAME)";
				SKIP_INSTALL = YES;
				TARGETED_DEVICE_FAMILY = "1,2";
			};
			name = Release;
		};
		58BF743925A630B800E6AD79 /* Debug */ = {
			isa = XCBuildConfiguration;
			buildSettings = {
				ASSETCATALOG_COMPILER_APPICON_NAME = "iMessage App Icon";
				CODE_SIGN_STYLE = Automatic;
				DEVELOPMENT_TEAM = 7Q7286P9H7;
				INFOPLIST_FILE = "Bizarre Bunny Sticker Pack/Info.plist";
				IPHONEOS_DEPLOYMENT_TARGET = 10.0;
				PRODUCT_BUNDLE_IDENTIFIER = "CSC471.Bizarre-Bunny-Sticker-Pack";
				PRODUCT_NAME = "$(TARGET_NAME)";
				TARGETED_DEVICE_FAMILY = "1,2";
			};
			name = Debug;
		};
		58BF743A25A630B800E6AD79 /* Release */ = {
			isa = XCBuildConfiguration;
			buildSettings = {
				ASSETCATALOG_COMPILER_APPICON_NAME = "iMessage App Icon";
				CODE_SIGN_STYLE = Automatic;
				DEVELOPMENT_TEAM = 7Q7286P9H7;
				INFOPLIST_FILE = "Bizarre Bunny Sticker Pack/Info.plist";
				IPHONEOS_DEPLOYMENT_TARGET = 10.0;
				PRODUCT_BUNDLE_IDENTIFIER = "CSC471.Bizarre-Bunny-Sticker-Pack";
				PRODUCT_NAME = "$(TARGET_NAME)";
				TARGETED_DEVICE_FAMILY = "1,2";
			};
			name = Release;
		};
/* End XCBuildConfiguration section */

/* Begin XCConfigurationList section */
		58BF742425A630B700E6AD79 /* Build configuration list for PBXProject "Bizarre Bunny Sticker Pack" */ = {
			isa = XCConfigurationList;
			buildConfigurations = (
				58BF743225A630B800E6AD79 /* Debug */,
				58BF743325A630B800E6AD79 /* Release */,
			);
			defaultConfigurationIsVisible = 0;
			defaultConfigurationName = Release;
		};
		58BF743425A630B800E6AD79 /* Build configuration list for PBXNativeTarget "Bizarre Bunny Sticker Pack StickerPackExtension" */ = {
			isa = XCConfigurationList;
			buildConfigurations = (
				58BF743525A630B800E6AD79 /* Debug */,
				58BF743625A630B800E6AD79 /* Release */,
			);
			defaultConfigurationIsVisible = 0;
			defaultConfigurationName = Release;
		};
		58BF743825A630B800E6AD79 /* Build configuration list for PBXNativeTarget "Bizarre Bunny Sticker Pack" */ = {
			isa = XCConfigurationList;
			buildConfigurations = (
				58BF743925A630B800E6AD79 /* Debug */,
				58BF743A25A630B800E6AD79 /* Release */,
			);
			defaultConfigurationIsVisible = 0;
			defaultConfigurationName = Release;
		};
/* End XCConfigurationList section */
	};
	rootObject = 58BF742125A630B700E6AD79 /* Project object */;
}
